{
  "name": "tealiumrokusample",
  "version": "1.0.0",
  "lockfileVersion": 2,
  "requires": true,
  "packages": {
    "": {
      "name": "tealiumrokusample",
      "version": "1.0.0",
      "license": "ISC",
      "dependencies": {
        "tealium": "file:.."
      }
    },
    "..": {
      "name": "tealium-roku-plugin",
      "version": "2.0.0",
      "license": "ISC"
    },
    "node_modules/tealium": {
      "resolved": "..",
      "link": true
    }
  },
  "dependencies": {
    "tealium": {
      "version": "file:.."
    }
  }
}
